// !$*UTF8*$!
{
	archiveVersion = 1;
	classes = {
	};
	objectVersion = 51;
	objects = {

/* Begin PBXBuildFile section */
		54B300987E1D72CF16331E49 /* Pods_NetLog.framework in Frameworks */ = {isa = PBXBuildFile; fileRef = 08D31477F7D2AFF4EC13A6EF /* Pods_NetLog.framework */; };
		8FBBD04325E1354B0093C881 /* AppDelegate.swift in Sources */ = {isa = PBXBuildFile; fileRef = 8FBBD04225E1354B0093C881 /* AppDelegate.swift */; };
		8FBBD04525E1354B0093C881 /* SceneDelegate.swift in Sources */ = {isa = PBXBuildFile; fileRef = 8FBBD04425E1354B0093C881 /* SceneDelegate.swift */; };
		8FBBD04C25E135560093C881 /* Assets.xcassets in Resources */ = {isa = PBXBuildFile; fileRef = 8FBBD04B25E135560093C881 /* Assets.xcassets */; };
		8FBBD04F25E135560093C881 /* LaunchScreen.storyboard in Resources */ = {isa = PBXBuildFile; fileRef = 8FBBD04D25E135560093C881 /* LaunchScreen.storyboard */; };
		8FBBD06525E13AFE0093C881 /* ShipmentTabBar.storyboard in Resources */ = {isa = PBXBuildFile; fileRef = 8FBBD06425E13AFE0093C881 /* ShipmentTabBar.storyboard */; };
		8FBBD06925E13C1E0093C881 /* ShipmentTabBarController.swift in Sources */ = {isa = PBXBuildFile; fileRef = 8FBBD06825E13C1E0093C881 /* ShipmentTabBarController.swift */; };
		8FBBD06F25E13D3C0093C881 /* ShipmentDetailScreenViewController.swift in Sources */ = {isa = PBXBuildFile; fileRef = 8FBBD06D25E13D3C0093C881 /* ShipmentDetailScreenViewController.swift */; };
		8FBBD07025E13D3C0093C881 /* ShipmentDetailScreenViewController.xib in Resources */ = {isa = PBXBuildFile; fileRef = 8FBBD06E25E13D3C0093C881 /* ShipmentDetailScreenViewController.xib */; };
		8FBBD07D25E145FD0093C881 /* EmptyTabScreenOneViewController.swift in Sources */ = {isa = PBXBuildFile; fileRef = 8FBBD07B25E145FD0093C881 /* EmptyTabScreenOneViewController.swift */; };
		8FBBD07E25E145FD0093C881 /* EmptyTabScreenOneViewController.xib in Resources */ = {isa = PBXBuildFile; fileRef = 8FBBD07C25E145FD0093C881 /* EmptyTabScreenOneViewController.xib */; };
		8FBBD08425E146120093C881 /* EmptyTabScreenTwoViewController.swift in Sources */ = {isa = PBXBuildFile; fileRef = 8FBBD08225E146120093C881 /* EmptyTabScreenTwoViewController.swift */; };
		8FBBD08525E146120093C881 /* EmptyTabScreenTwoViewController.xib in Resources */ = {isa = PBXBuildFile; fileRef = 8FBBD08325E146120093C881 /* EmptyTabScreenTwoViewController.xib */; };
		8FBBD08925E146260093C881 /* EmptyTabScreenThreeViewController.swift in Sources */ = {isa = PBXBuildFile; fileRef = 8FBBD08725E146260093C881 /* EmptyTabScreenThreeViewController.swift */; };
		8FBBD08A25E146260093C881 /* EmptyTabScreenThreeViewController.xib in Resources */ = {isa = PBXBuildFile; fileRef = 8FBBD08825E146260093C881 /* EmptyTabScreenThreeViewController.xib */; };
		8FBBD08E25E1463E0093C881 /* EmptyTabScreenFourViewController.swift in Sources */ = {isa = PBXBuildFile; fileRef = 8FBBD08C25E1463E0093C881 /* EmptyTabScreenFourViewController.swift */; };
		8FBBD08F25E1463E0093C881 /* EmptyTabScreenFourViewController.xib in Resources */ = {isa = PBXBuildFile; fileRef = 8FBBD08D25E1463E0093C881 /* EmptyTabScreenFourViewController.xib */; };
		8FBBD09D25E15B130093C881 /* NetLogLabel.swift in Sources */ = {isa = PBXBuildFile; fileRef = 8FBBD09C25E15B130093C881 /* NetLogLabel.swift */; };
		8FBBD0AB25E15F610093C881 /* NetLogButton.swift in Sources */ = {isa = PBXBuildFile; fileRef = 8FBBD0AA25E15F610093C881 /* NetLogButton.swift */; };
		8FBBD0C225E184A80093C881 /* ObjectStore.swift in Sources */ = {isa = PBXBuildFile; fileRef = 8FBBD0C125E184A80093C881 /* ObjectStore.swift */; };
		8FBBD0C625E18D4A0093C881 /* UIViewControllerExtension.swift in Sources */ = {isa = PBXBuildFile; fileRef = 8FBBD0C525E18D4A0093C881 /* UIViewControllerExtension.swift */; };
		8FBBD0CA25E1921E0093C881 /* UIViewExtension.swift in Sources */ = {isa = PBXBuildFile; fileRef = 8FBBD0C925E1921E0093C881 /* UIViewExtension.swift */; };
/* End PBXBuildFile section */

/* Begin PBXFileReference section */
		08D31477F7D2AFF4EC13A6EF /* Pods_NetLog.framework */ = {isa = PBXFileReference; explicitFileType = wrapper.framework; includeInIndex = 0; path = Pods_NetLog.framework; sourceTree = BUILT_PRODUCTS_DIR; };
		8FBBD03F25E1354B0093C881 /* NetLog.app */ = {isa = PBXFileReference; explicitFileType = wrapper.application; includeInIndex = 0; path = NetLog.app; sourceTree = BUILT_PRODUCTS_DIR; };
		8FBBD04225E1354B0093C881 /* AppDelegate.swift */ = {isa = PBXFileReference; lastKnownFileType = sourcecode.swift; path = AppDelegate.swift; sourceTree = "<group>"; };
		8FBBD04425E1354B0093C881 /* SceneDelegate.swift */ = {isa = PBXFileReference; lastKnownFileType = sourcecode.swift; path = SceneDelegate.swift; sourceTree = "<group>"; };
		8FBBD04B25E135560093C881 /* Assets.xcassets */ = {isa = PBXFileReference; lastKnownFileType = folder.assetcatalog; path = Assets.xcassets; sourceTree = "<group>"; };
		8FBBD04E25E135560093C881 /* Base */ = {isa = PBXFileReference; lastKnownFileType = file.storyboard; name = Base; path = Base.lproj/LaunchScreen.storyboard; sourceTree = "<group>"; };
		8FBBD05025E135560093C881 /* Info.plist */ = {isa = PBXFileReference; lastKnownFileType = text.plist.xml; path = Info.plist; sourceTree = "<group>"; };
		8FBBD06425E13AFE0093C881 /* ShipmentTabBar.storyboard */ = {isa = PBXFileReference; lastKnownFileType = file.storyboard; path = ShipmentTabBar.storyboard; sourceTree = "<group>"; };
		8FBBD06825E13C1E0093C881 /* ShipmentTabBarController.swift */ = {isa = PBXFileReference; lastKnownFileType = sourcecode.swift; path = ShipmentTabBarController.swift; sourceTree = "<group>"; };
		8FBBD06D25E13D3C0093C881 /* ShipmentDetailScreenViewController.swift */ = {isa = PBXFileReference; lastKnownFileType = sourcecode.swift; path = ShipmentDetailScreenViewController.swift; sourceTree = "<group>"; };
		8FBBD06E25E13D3C0093C881 /* ShipmentDetailScreenViewController.xib */ = {isa = PBXFileReference; lastKnownFileType = file.xib; path = ShipmentDetailScreenViewController.xib; sourceTree = "<group>"; };
		8FBBD07B25E145FD0093C881 /* EmptyTabScreenOneViewController.swift */ = {isa = PBXFileReference; lastKnownFileType = sourcecode.swift; path = EmptyTabScreenOneViewController.swift; sourceTree = "<group>"; };
		8FBBD07C25E145FD0093C881 /* EmptyTabScreenOneViewController.xib */ = {isa = PBXFileReference; lastKnownFileType = file.xib; path = EmptyTabScreenOneViewController.xib; sourceTree = "<group>"; };
		8FBBD08225E146120093C881 /* EmptyTabScreenTwoViewController.swift */ = {isa = PBXFileReference; lastKnownFileType = sourcecode.swift; path = EmptyTabScreenTwoViewController.swift; sourceTree = "<group>"; };
		8FBBD08325E146120093C881 /* EmptyTabScreenTwoViewController.xib */ = {isa = PBXFileReference; lastKnownFileType = file.xib; path = EmptyTabScreenTwoViewController.xib; sourceTree = "<group>"; };
		8FBBD08725E146260093C881 /* EmptyTabScreenThreeViewController.swift */ = {isa = PBXFileReference; lastKnownFileType = sourcecode.swift; path = EmptyTabScreenThreeViewController.swift; sourceTree = "<group>"; };
		8FBBD08825E146260093C881 /* EmptyTabScreenThreeViewController.xib */ = {isa = PBXFileReference; lastKnownFileType = file.xib; path = EmptyTabScreenThreeViewController.xib; sourceTree = "<group>"; };
		8FBBD08C25E1463E0093C881 /* EmptyTabScreenFourViewController.swift */ = {isa = PBXFileReference; lastKnownFileType = sourcecode.swift; path = EmptyTabScreenFourViewController.swift; sourceTree = "<group>"; };
		8FBBD08D25E1463E0093C881 /* EmptyTabScreenFourViewController.xib */ = {isa = PBXFileReference; lastKnownFileType = file.xib; path = EmptyTabScreenFourViewController.xib; sourceTree = "<group>"; };
		8FBBD09C25E15B130093C881 /* NetLogLabel.swift */ = {isa = PBXFileReference; lastKnownFileType = sourcecode.swift; path = NetLogLabel.swift; sourceTree = "<group>"; };
		8FBBD0AA25E15F610093C881 /* NetLogButton.swift */ = {isa = PBXFileReference; lastKnownFileType = sourcecode.swift; path = NetLogButton.swift; sourceTree = "<group>"; };
		8FBBD0C125E184A80093C881 /* ObjectStore.swift */ = {isa = PBXFileReference; lastKnownFileType = sourcecode.swift; path = ObjectStore.swift; sourceTree = "<group>"; };
		8FBBD0C525E18D4A0093C881 /* UIViewControllerExtension.swift */ = {isa = PBXFileReference; lastKnownFileType = sourcecode.swift; path = UIViewControllerExtension.swift; sourceTree = "<group>"; };
		8FBBD0C925E1921E0093C881 /* UIViewExtension.swift */ = {isa = PBXFileReference; lastKnownFileType = sourcecode.swift; path = UIViewExtension.swift; sourceTree = "<group>"; };
		B30A518ABA8B027D9EF2C1D2 /* Pods-NetLog.release.xcconfig */ = {isa = PBXFileReference; includeInIndex = 1; lastKnownFileType = text.xcconfig; name = "Pods-NetLog.release.xcconfig"; path = "Target Support Files/Pods-NetLog/Pods-NetLog.release.xcconfig"; sourceTree = "<group>"; };
		D79477EAAAF68D8A7DB83A5D /* Pods-NetLog.debug.xcconfig */ = {isa = PBXFileReference; includeInIndex = 1; lastKnownFileType = text.xcconfig; name = "Pods-NetLog.debug.xcconfig"; path = "Target Support Files/Pods-NetLog/Pods-NetLog.debug.xcconfig"; sourceTree = "<group>"; };
/* End PBXFileReference section */

/* Begin PBXFrameworksBuildPhase section */
		8FBBD03C25E1354B0093C881 /* Frameworks */ = {
			isa = PBXFrameworksBuildPhase;
			buildActionMask = 2147483647;
			files = (
				54B300987E1D72CF16331E49 /* Pods_NetLog.framework in Frameworks */,
			);
			runOnlyForDeploymentPostprocessing = 0;
		};
/* End PBXFrameworksBuildPhase section */

/* Begin PBXGroup section */
		1C7DAEE611DB226BB746DB39 /* Pods */ = {
			isa = PBXGroup;
			children = (
				D79477EAAAF68D8A7DB83A5D /* Pods-NetLog.debug.xcconfig */,
				B30A518ABA8B027D9EF2C1D2 /* Pods-NetLog.release.xcconfig */,
			);
			path = Pods;
			sourceTree = "<group>";
		};
		51F84C7DF2ACF0387F16FAD7 /* Frameworks */ = {
			isa = PBXGroup;
			children = (
				08D31477F7D2AFF4EC13A6EF /* Pods_NetLog.framework */,
			);
			name = Frameworks;
			sourceTree = "<group>";
		};
		8FBBD03625E1354B0093C881 = {
			isa = PBXGroup;
			children = (
				8FBBD04125E1354B0093C881 /* NetLog */,
				8FBBD04025E1354B0093C881 /* Products */,
				1C7DAEE611DB226BB746DB39 /* Pods */,
				51F84C7DF2ACF0387F16FAD7 /* Frameworks */,
			);
			sourceTree = "<group>";
		};
		8FBBD04025E1354B0093C881 /* Products */ = {
			isa = PBXGroup;
			children = (
				8FBBD03F25E1354B0093C881 /* NetLog.app */,
			);
			name = Products;
			sourceTree = "<group>";
		};
		8FBBD04125E1354B0093C881 /* NetLog */ = {
			isa = PBXGroup;
			children = (
				8FBBD05825E137560093C881 /* Application */,
				8FBBD05A25E137850093C881 /* Common */,
				8FBBD05B25E137970093C881 /* ObjectStore */,
				8FBBD05C25E137C90093C881 /* Presentation */,
				8FBBD05D25E137DC0093C881 /* Resources */,
				8FBBD05E25E137E80093C881 /* Screens */,
				8FBBD04B25E135560093C881 /* Assets.xcassets */,
				8FBBD04D25E135560093C881 /* LaunchScreen.storyboard */,
				8FBBD05025E135560093C881 /* Info.plist */,
			);
			path = NetLog;
			sourceTree = "<group>";
		};
		8FBBD05825E137560093C881 /* Application */ = {
			isa = PBXGroup;
			children = (
				8FBBD05925E1375F0093C881 /* Delegate */,
			);
			path = Application;
			sourceTree = "<group>";
		};
		8FBBD05925E1375F0093C881 /* Delegate */ = {
			isa = PBXGroup;
			children = (
				8FBBD04225E1354B0093C881 /* AppDelegate.swift */,
				8FBBD04425E1354B0093C881 /* SceneDelegate.swift */,
			);
			path = Delegate;
			sourceTree = "<group>";
		};
		8FBBD05A25E137850093C881 /* Common */ = {
			isa = PBXGroup;
			children = (
				8FBBD0C425E18D270093C881 /* Extension */,
			);
			path = Common;
			sourceTree = "<group>";
		};
		8FBBD05B25E137970093C881 /* ObjectStore */ = {
			isa = PBXGroup;
			children = (
				8FBBD0C125E184A80093C881 /* ObjectStore.swift */,
			);
			path = ObjectStore;
			sourceTree = "<group>";
		};
		8FBBD05C25E137C90093C881 /* Presentation */ = {
			isa = PBXGroup;
			children = (
				8FBBD09825E152890093C881 /* Controls */,
			);
			path = Presentation;
			sourceTree = "<group>";
		};
		8FBBD05D25E137DC0093C881 /* Resources */ = {
			isa = PBXGroup;
			children = (
			);
			path = Resources;
			sourceTree = "<group>";
		};
		8FBBD05E25E137E80093C881 /* Screens */ = {
			isa = PBXGroup;
			children = (
				8FBBD06025E139B70093C881 /* ShipmentTabBarScreen */,
			);
			path = Screens;
			sourceTree = "<group>";
		};
		8FBBD05F25E138C00093C881 /* ShipmentDetailScreen */ = {
			isa = PBXGroup;
			children = (
				8FBBD06C25E13CF20093C881 /* ViewController */,
				8FBBD06E25E13D3C0093C881 /* ShipmentDetailScreenViewController.xib */,
			);
			path = ShipmentDetailScreen;
			sourceTree = "<group>";
		};
		8FBBD06025E139B70093C881 /* ShipmentTabBarScreen */ = {
			isa = PBXGroup;
			children = (
				8FBBD06225E13AAD0093C881 /* Screens */,
				8FBBD06125E13AA50093C881 /* ViewController */,
				8FBBD06425E13AFE0093C881 /* ShipmentTabBar.storyboard */,
			);
			path = ShipmentTabBarScreen;
			sourceTree = "<group>";
		};
		8FBBD06125E13AA50093C881 /* ViewController */ = {
			isa = PBXGroup;
			children = (
				8FBBD06825E13C1E0093C881 /* ShipmentTabBarController.swift */,
			);
			path = ViewController;
			sourceTree = "<group>";
		};
		8FBBD06225E13AAD0093C881 /* Screens */ = {
			isa = PBXGroup;
			children = (
				8FBBD07625E145B40093C881 /* EmptyTabScreenFour */,
				8FBBD07525E145AB0093C881 /* EmptyTabScreenThree */,
				8FBBD07425E145A50093C881 /* EmptyTabScreenTwo */,
				8FBBD07325E145990093C881 /* EmptyTabScreenOne */,
				8FBBD05F25E138C00093C881 /* ShipmentDetailScreen */,
			);
			path = Screens;
			sourceTree = "<group>";
		};
		8FBBD06C25E13CF20093C881 /* ViewController */ = {
			isa = PBXGroup;
			children = (
				8FBBD06D25E13D3C0093C881 /* ShipmentDetailScreenViewController.swift */,
			);
			path = ViewController;
			sourceTree = "<group>";
		};
		8FBBD07325E145990093C881 /* EmptyTabScreenOne */ = {
			isa = PBXGroup;
			children = (
				8FBBD07A25E145D90093C881 /* ViewController */,
				8FBBD07C25E145FD0093C881 /* EmptyTabScreenOneViewController.xib */,
			);
			path = EmptyTabScreenOne;
			sourceTree = "<group>";
		};
		8FBBD07425E145A50093C881 /* EmptyTabScreenTwo */ = {
			isa = PBXGroup;
			children = (
				8FBBD07925E145D40093C881 /* ViewController */,
				8FBBD08325E146120093C881 /* EmptyTabScreenTwoViewController.xib */,
			);
			path = EmptyTabScreenTwo;
			sourceTree = "<group>";
		};
		8FBBD07525E145AB0093C881 /* EmptyTabScreenThree */ = {
			isa = PBXGroup;
			children = (
				8FBBD07825E145D00093C881 /* ViewController */,
				8FBBD08825E146260093C881 /* EmptyTabScreenThreeViewController.xib */,
			);
			path = EmptyTabScreenThree;
			sourceTree = "<group>";
		};
		8FBBD07625E145B40093C881 /* EmptyTabScreenFour */ = {
			isa = PBXGroup;
			children = (
				8FBBD07725E145C50093C881 /* ViewController */,
				8FBBD08D25E1463E0093C881 /* EmptyTabScreenFourViewController.xib */,
			);
			path = EmptyTabScreenFour;
			sourceTree = "<group>";
		};
		8FBBD07725E145C50093C881 /* ViewController */ = {
			isa = PBXGroup;
			children = (
				8FBBD08C25E1463E0093C881 /* EmptyTabScreenFourViewController.swift */,
			);
			path = ViewController;
			sourceTree = "<group>";
		};
		8FBBD07825E145D00093C881 /* ViewController */ = {
			isa = PBXGroup;
			children = (
				8FBBD08725E146260093C881 /* EmptyTabScreenThreeViewController.swift */,
			);
			path = ViewController;
			sourceTree = "<group>";
		};
		8FBBD07925E145D40093C881 /* ViewController */ = {
			isa = PBXGroup;
			children = (
				8FBBD08225E146120093C881 /* EmptyTabScreenTwoViewController.swift */,
			);
			path = ViewController;
			sourceTree = "<group>";
		};
		8FBBD07A25E145D90093C881 /* ViewController */ = {
			isa = PBXGroup;
			children = (
				8FBBD07B25E145FD0093C881 /* EmptyTabScreenOneViewController.swift */,
			);
			path = ViewController;
			sourceTree = "<group>";
		};
		8FBBD09825E152890093C881 /* Controls */ = {
			isa = PBXGroup;
			children = (
				8FBBD0AA25E15F610093C881 /* NetLogButton.swift */,
				8FBBD09C25E15B130093C881 /* NetLogLabel.swift */,
			);
			path = Controls;
			sourceTree = "<group>";
		};
		8FBBD0C425E18D270093C881 /* Extension */ = {
			isa = PBXGroup;
			children = (
				8FBBD0C525E18D4A0093C881 /* UIViewControllerExtension.swift */,
				8FBBD0C925E1921E0093C881 /* UIViewExtension.swift */,
			);
			path = Extension;
			sourceTree = "<group>";
		};
/* End PBXGroup section */

/* Begin PBXNativeTarget section */
		8FBBD03E25E1354B0093C881 /* NetLog */ = {
			isa = PBXNativeTarget;
			buildConfigurationList = 8FBBD05325E135560093C881 /* Build configuration list for PBXNativeTarget "NetLog" */;
			buildPhases = (
				3BD4CA128FFCC1DF189A2F4E /* [CP] Check Pods Manifest.lock */,
				8FBBD03B25E1354B0093C881 /* Sources */,
				8FBBD03C25E1354B0093C881 /* Frameworks */,
				8FBBD03D25E1354B0093C881 /* Resources */,
				35391DA13A6211370C640898 /* [CP] Embed Pods Frameworks */,
			);
			buildRules = (
			);
			dependencies = (
			);
			name = NetLog;
			productName = NetLog;
			productReference = 8FBBD03F25E1354B0093C881 /* NetLog.app */;
			productType = "com.apple.product-type.application";
		};
/* End PBXNativeTarget section */

/* Begin PBXProject section */
		8FBBD03725E1354B0093C881 /* Project object */ = {
			isa = PBXProject;
			attributes = {
				LastSwiftUpdateCheck = 1240;
				LastUpgradeCheck = 1240;
				ORGANIZATIONNAME = "Enes Aksoy";
				TargetAttributes = {
					8FBBD03E25E1354B0093C881 = {
						CreatedOnToolsVersion = 12.4;
					};
				};
			};
			buildConfigurationList = 8FBBD03A25E1354B0093C881 /* Build configuration list for PBXProject "NetLog" */;
			compatibilityVersion = "Xcode 9.3";
			developmentRegion = en;
			hasScannedForEncodings = 0;
			knownRegions = (
				en,
				Base,
			);
			mainGroup = 8FBBD03625E1354B0093C881;
			productRefGroup = 8FBBD04025E1354B0093C881 /* Products */;
			projectDirPath = "";
			projectRoot = "";
			targets = (
				8FBBD03E25E1354B0093C881 /* NetLog */,
			);
		};
/* End PBXProject section */

/* Begin PBXResourcesBuildPhase section */
		8FBBD03D25E1354B0093C881 /* Resources */ = {
			isa = PBXResourcesBuildPhase;
			buildActionMask = 2147483647;
			files = (
				8FBBD04F25E135560093C881 /* LaunchScreen.storyboard in Resources */,
				8FBBD08525E146120093C881 /* EmptyTabScreenTwoViewController.xib in Resources */,
				8FBBD07E25E145FD0093C881 /* EmptyTabScreenOneViewController.xib in Resources */,
				8FBBD08A25E146260093C881 /* EmptyTabScreenThreeViewController.xib in Resources */,
				8FBBD07025E13D3C0093C881 /* ShipmentDetailScreenViewController.xib in Resources */,
				8FBBD06525E13AFE0093C881 /* ShipmentTabBar.storyboard in Resources */,
				8FBBD08F25E1463E0093C881 /* EmptyTabScreenFourViewController.xib in Resources */,
				8FBBD04C25E135560093C881 /* Assets.xcassets in Resources */,
			);
			runOnlyForDeploymentPostprocessing = 0;
		};
/* End PBXResourcesBuildPhase section */

/* Begin PBXShellScriptBuildPhase section */
		35391DA13A6211370C640898 /* [CP] Embed Pods Frameworks */ = {
			isa = PBXShellScriptBuildPhase;
			buildActionMask = 2147483647;
			files = (
			);
			inputFileListPaths = (
				"${PODS_ROOT}/Target Support Files/Pods-NetLog/Pods-NetLog-frameworks-${CONFIGURATION}-input-files.xcfilelist",
			);
			name = "[CP] Embed Pods Frameworks";
			outputFileListPaths = (
				"${PODS_ROOT}/Target Support Files/Pods-NetLog/Pods-NetLog-frameworks-${CONFIGURATION}-output-files.xcfilelist",
			);
			runOnlyForDeploymentPostprocessing = 0;
			shellPath = /bin/sh;
			shellScript = "\"${PODS_ROOT}/Target Support Files/Pods-NetLog/Pods-NetLog-frameworks.sh\"\n";
			showEnvVarsInLog = 0;
		};
		3BD4CA128FFCC1DF189A2F4E /* [CP] Check Pods Manifest.lock */ = {
			isa = PBXShellScriptBuildPhase;
			buildActionMask = 2147483647;
			files = (
			);
			inputFileListPaths = (
			);
			inputPaths = (
				"${PODS_PODFILE_DIR_PATH}/Podfile.lock",
				"${PODS_ROOT}/Manifest.lock",
			);
			name = "[CP] Check Pods Manifest.lock";
			outputFileListPaths = (
			);
			outputPaths = (
				"$(DERIVED_FILE_DIR)/Pods-NetLog-checkManifestLockResult.txt",
			);
			runOnlyForDeploymentPostprocessing = 0;
			shellPath = /bin/sh;
			shellScript = "diff \"${PODS_PODFILE_DIR_PATH}/Podfile.lock\" \"${PODS_ROOT}/Manifest.lock\" > /dev/null\nif [ $? != 0 ] ; then\n    # print error to STDERR\n    echo \"error: The sandbox is not in sync with the Podfile.lock. Run 'pod install' or update your CocoaPods installation.\" >&2\n    exit 1\nfi\n# This output is used by Xcode 'outputs' to avoid re-running this script phase.\necho \"SUCCESS\" > \"${SCRIPT_OUTPUT_FILE_0}\"\n";
			showEnvVarsInLog = 0;
		};
/* End PBXShellScriptBuildPhase section */

/* Begin PBXSourcesBuildPhase section */
		8FBBD03B25E1354B0093C881 /* Sources */ = {
			isa = PBXSourcesBuildPhase;
			buildActionMask = 2147483647;
			files = (
				8FBBD06F25E13D3C0093C881 /* ShipmentDetailScreenViewController.swift in Sources */,
				8FBBD06925E13C1E0093C881 /* ShipmentTabBarController.swift in Sources */,
				8FBBD0C625E18D4A0093C881 /* UIViewControllerExtension.swift in Sources */,
				8FBBD08425E146120093C881 /* EmptyTabScreenTwoViewController.swift in Sources */,
				8FBBD04325E1354B0093C881 /* AppDelegate.swift in Sources */,
				8FBBD04525E1354B0093C881 /* SceneDelegate.swift in Sources */,
				8FBBD0CA25E1921E0093C881 /* UIViewExtension.swift in Sources */,
				8FBBD0C225E184A80093C881 /* ObjectStore.swift in Sources */,
				8FBBD0AB25E15F610093C881 /* NetLogButton.swift in Sources */,
				8FBBD07D25E145FD0093C881 /* EmptyTabScreenOneViewController.swift in Sources */,
				8FBBD09D25E15B130093C881 /* NetLogLabel.swift in Sources */,
				8FBBD08925E146260093C881 /* EmptyTabScreenThreeViewController.swift in Sources */,
				8FBBD08E25E1463E0093C881 /* EmptyTabScreenFourViewController.swift in Sources */,
			);
			runOnlyForDeploymentPostprocessing = 0;
		};
/* End PBXSourcesBuildPhase section */

/* Begin PBXVariantGroup section */
		8FBBD04D25E135560093C881 /* LaunchScreen.storyboard */ = {
			isa = PBXVariantGroup;
			children = (
				8FBBD04E25E135560093C881 /* Base */,
			);
			name = LaunchScreen.storyboard;
			sourceTree = "<group>";
		};
		8FBBD0A525E15BA50093C881 /* Localizable.strings */ = {
			isa = PBXVariantGroup;
			children = (
				8FBBD0A425E15BA50093C881 /* en */,
			);
			name = Localizable.strings;
			sourceTree = "<group>";
		};
/* End PBXVariantGroup section */

/* Begin XCBuildConfiguration section */
		8FBBD05125E135560093C881 /* Debug */ = {
			isa = XCBuildConfiguration;
			buildSettings = {
				ALWAYS_SEARCH_USER_PATHS = NO;
				CLANG_ANALYZER_NONNULL = YES;
				CLANG_ANALYZER_NUMBER_OBJECT_CONVERSION = YES_AGGRESSIVE;
				CLANG_CXX_LANGUAGE_STANDARD = "gnu++14";
				CLANG_CXX_LIBRARY = "libc++";
				CLANG_ENABLE_MODULES = YES;
				CLANG_ENABLE_OBJC_ARC = YES;
				CLANG_ENABLE_OBJC_WEAK = YES;
				CLANG_WARN_BLOCK_CAPTURE_AUTORELEASING = YES;
				CLANG_WARN_BOOL_CONVERSION = YES;
				CLANG_WARN_COMMA = YES;
				CLANG_WARN_CONSTANT_CONVERSION = YES;
				CLANG_WARN_DEPRECATED_OBJC_IMPLEMENTATIONS = YES;
				CLANG_WARN_DIRECT_OBJC_ISA_USAGE = YES_ERROR;
				CLANG_WARN_DOCUMENTATION_COMMENTS = YES;
				CLANG_WARN_EMPTY_BODY = YES;
				CLANG_WARN_ENUM_CONVERSION = YES;
				CLANG_WARN_INFINITE_RECURSION = YES;
				CLANG_WARN_INT_CONVERSION = YES;
				CLANG_WARN_NON_LITERAL_NULL_CONVERSION = YES;
				CLANG_WARN_OBJC_IMPLICIT_RETAIN_SELF = YES;
				CLANG_WARN_OBJC_LITERAL_CONVERSION = YES;
				CLANG_WARN_OBJC_ROOT_CLASS = YES_ERROR;
				CLANG_WARN_QUOTED_INCLUDE_IN_FRAMEWORK_HEADER = YES;
				CLANG_WARN_RANGE_LOOP_ANALYSIS = YES;
				CLANG_WARN_STRICT_PROTOTYPES = YES;
				CLANG_WARN_SUSPICIOUS_MOVE = YES;
				CLANG_WARN_UNGUARDED_AVAILABILITY = YES_AGGRESSIVE;
				CLANG_WARN_UNREACHABLE_CODE = YES;
				CLANG_WARN__DUPLICATE_METHOD_MATCH = YES;
				COPY_PHASE_STRIP = NO;
				DEBUG_INFORMATION_FORMAT = dwarf;
				ENABLE_STRICT_OBJC_MSGSEND = YES;
				ENABLE_TESTABILITY = YES;
				GCC_C_LANGUAGE_STANDARD = gnu11;
				GCC_DYNAMIC_NO_PIC = NO;
				GCC_NO_COMMON_BLOCKS = YES;
				GCC_OPTIMIZATION_LEVEL = 0;
				GCC_PREPROCESSOR_DEFINITIONS = (
					"DEBUG=1",
					"$(inherited)",
				);
				GCC_WARN_64_TO_32_BIT_CONVERSION = YES;
				GCC_WARN_ABOUT_RETURN_TYPE = YES_ERROR;
				GCC_WARN_UNDECLARED_SELECTOR = YES;
				GCC_WARN_UNINITIALIZED_AUTOS = YES_AGGRESSIVE;
				GCC_WARN_UNUSED_FUNCTION = YES;
				GCC_WARN_UNUSED_VARIABLE = YES;
				IPHONEOS_DEPLOYMENT_TARGET = 14.4;
				MTL_ENABLE_DEBUG_INFO = INCLUDE_SOURCE;
				MTL_FAST_MATH = YES;
				ONLY_ACTIVE_ARCH = YES;
				SDKROOT = iphoneos;
				SWIFT_ACTIVE_COMPILATION_CONDITIONS = DEBUG;
				SWIFT_OPTIMIZATION_LEVEL = "-Onone";
			};
			name = Debug;
		};
		8FBBD05225E135560093C881 /* Release */ = {
			isa = XCBuildConfiguration;
			buildSettings = {
				ALWAYS_SEARCH_USER_PATHS = NO;
				CLANG_ANALYZER_NONNULL = YES;
				CLANG_ANALYZER_NUMBER_OBJECT_CONVERSION = YES_AGGRESSIVE;
				CLANG_CXX_LANGUAGE_STANDARD = "gnu++14";
				CLANG_CXX_LIBRARY = "libc++";
				CLANG_ENABLE_MODULES = YES;
				CLANG_ENABLE_OBJC_ARC = YES;
				CLANG_ENABLE_OBJC_WEAK = YES;
				CLANG_WARN_BLOCK_CAPTURE_AUTORELEASING = YES;
				CLANG_WARN_BOOL_CONVERSION = YES;
				CLANG_WARN_COMMA = YES;
				CLANG_WARN_CONSTANT_CONVERSION = YES;
				CLANG_WARN_DEPRECATED_OBJC_IMPLEMENTATIONS = YES;
				CLANG_WARN_DIRECT_OBJC_ISA_USAGE = YES_ERROR;
				CLANG_WARN_DOCUMENTATION_COMMENTS = YES;
				CLANG_WARN_EMPTY_BODY = YES;
				CLANG_WARN_ENUM_CONVERSION = YES;
				CLANG_WARN_INFINITE_RECURSION = YES;
				CLANG_WARN_INT_CONVERSION = YES;
				CLANG_WARN_NON_LITERAL_NULL_CONVERSION = YES;
				CLANG_WARN_OBJC_IMPLICIT_RETAIN_SELF = YES;
				CLANG_WARN_OBJC_LITERAL_CONVERSION = YES;
				CLANG_WARN_OBJC_ROOT_CLASS = YES_ERROR;
				CLANG_WARN_QUOTED_INCLUDE_IN_FRAMEWORK_HEADER = YES;
				CLANG_WARN_RANGE_LOOP_ANALYSIS = YES;
				CLANG_WARN_STRICT_PROTOTYPES = YES;
				CLANG_WARN_SUSPICIOUS_MOVE = YES;
				CLANG_WARN_UNGUARDED_AVAILABILITY = YES_AGGRESSIVE;
				CLANG_WARN_UNREACHABLE_CODE = YES;
				CLANG_WARN__DUPLICATE_METHOD_MATCH = YES;
				COPY_PHASE_STRIP = NO;
				DEBUG_INFORMATION_FORMAT = "dwarf-with-dsym";
				ENABLE_NS_ASSERTIONS = NO;
				ENABLE_STRICT_OBJC_MSGSEND = YES;
				GCC_C_LANGUAGE_STANDARD = gnu11;
				GCC_NO_COMMON_BLOCKS = YES;
				GCC_WARN_64_TO_32_BIT_CONVERSION = YES;
				GCC_WARN_ABOUT_RETURN_TYPE = YES_ERROR;
				GCC_WARN_UNDECLARED_SELECTOR = YES;
				GCC_WARN_UNINITIALIZED_AUTOS = YES_AGGRESSIVE;
				GCC_WARN_UNUSED_FUNCTION = YES;
				GCC_WARN_UNUSED_VARIABLE = YES;
				IPHONEOS_DEPLOYMENT_TARGET = 14.4;
				MTL_ENABLE_DEBUG_INFO = NO;
				MTL_FAST_MATH = YES;
				SDKROOT = iphoneos;
				SWIFT_COMPILATION_MODE = wholemodule;
				SWIFT_OPTIMIZATION_LEVEL = "-O";
				VALIDATE_PRODUCT = YES;
			};
			name = Release;
		};
		8FBBD05425E135560093C881 /* Debug */ = {
			isa = XCBuildConfiguration;
			baseConfigurationReference = D79477EAAAF68D8A7DB83A5D /* Pods-NetLog.debug.xcconfig */;
			buildSettings = {
				ASSETCATALOG_COMPILER_APPICON_NAME = AppIcon;
				ASSETCATALOG_COMPILER_GLOBAL_ACCENT_COLOR_NAME = AccentColor;
				CODE_SIGN_STYLE = Manual;
				DEVELOPMENT_TEAM = "";
				INFOPLIST_FILE = NetLog/Info.plist;
				LD_RUNPATH_SEARCH_PATHS = (
					"$(inherited)",
					"@executable_path/Frameworks",
				);
				PRODUCT_BUNDLE_IDENTIFIER = "com.Enes-Aksoy.NetLog";
				PRODUCT_NAME = "$(TARGET_NAME)";
				PROVISIONING_PROFILE_SPECIFIER = "";
				SWIFT_VERSION = 5.0;
				TARGETED_DEVICE_FAMILY = "1,2";
			};
			name = Debug;
		};
		8FBBD05525E135560093C881 /* Release */ = {
			isa = XCBuildConfiguration;
			baseConfigurationReference = B30A518ABA8B027D9EF2C1D2 /* Pods-NetLog.release.xcconfig */;
			buildSettings = {
				ASSETCATALOG_COMPILER_APPICON_NAME = AppIcon;
				ASSETCATALOG_COMPILER_GLOBAL_ACCENT_COLOR_NAME = AccentColor;
				CODE_SIGN_STYLE = Manual;
				DEVELOPMENT_TEAM = "";
				INFOPLIST_FILE = NetLog/Info.plist;
				LD_RUNPATH_SEARCH_PATHS = (
					"$(inherited)",
					"@executable_path/Frameworks",
				);
				PRODUCT_BUNDLE_IDENTIFIER = "com.Enes-Aksoy.NetLog";
				PRODUCT_NAME = "$(TARGET_NAME)";
				PROVISIONING_PROFILE_SPECIFIER = "";
				SWIFT_VERSION = 5.0;
				TARGETED_DEVICE_FAMILY = "1,2";
			};
			name = Release;
		};
/* End XCBuildConfiguration section */

/* Begin XCConfigurationList section */
		8FBBD03A25E1354B0093C881 /* Build configuration list for PBXProject "NetLog" */ = {
			isa = XCConfigurationList;
			buildConfigurations = (
				8FBBD05125E135560093C881 /* Debug */,
				8FBBD05225E135560093C881 /* Release */,
			);
			defaultConfigurationIsVisible = 0;
			defaultConfigurationName = Release;
		};
		8FBBD05325E135560093C881 /* Build configuration list for PBXNativeTarget "NetLog" */ = {
			isa = XCConfigurationList;
			buildConfigurations = (
				8FBBD05425E135560093C881 /* Debug */,
				8FBBD05525E135560093C881 /* Release */,
			);
			defaultConfigurationIsVisible = 0;
			defaultConfigurationName = Release;
		};
/* End XCConfigurationList section */
	};
	rootObject = 8FBBD03725E1354B0093C881 /* Project object */;
}
